// !$*UTF8*$!
{
	archiveVersion = 1;
	classes = {
	};
	objectVersion = 42;
	objects = {

/* Begin PBXBuildFile section */
		7D7AF85F1222C8CC003A0434 /* opengl.icns in Resources */ = {isa = PBXBuildFile; fileRef = 7D7AF85E1222C8CC003A0434 /* opengl.icns */; };
		7DEBAE43139269E4001DD852 /* bump.frag in Resources */ = {isa = PBXBuildFile; fileRef = 7DEBAE41139269DD001DD852 /* bump.frag */; };
		7DEBAE44139269E4001DD852 /* bump.vert in Resources */ = {isa = PBXBuildFile; fileRef = 7DEBAE42139269DD001DD852 /* bump.vert */; };
		7DEBAE5013926A1D001DD852 /* glsl.cpp in Sources */ = {isa = PBXBuildFile; fileRef = 7DEBAE4E13926A1D001DD852 /* glsl.cpp */; };
		7DEBAE5213926A27001DD852 /* main.cpp in Sources */ = {isa = PBXBuildFile; fileRef = 7DEBAE5113926A27001DD852 /* main.cpp */; };
		7DEBAE5513926A32001DD852 /* normalmap.cpp in Sources */ = {isa = PBXBuildFile; fileRef = 7DEBAE5313926A32001DD852 /* normalmap.cpp */; };
		7DEBAE5C13926A3D001DD852 /* rectangle.cpp in Sources */ = {isa = PBXBuildFile; fileRef = 7DEBAE5613926A3D001DD852 /* rectangle.cpp */; };
		7DEBAE5D13926A3D001DD852 /* sphere.cpp in Sources */ = {isa = PBXBuildFile; fileRef = 7DEBAE5813926A3D001DD852 /* sphere.cpp */; };
		7DEBAE5E13926A3D001DD852 /* trackball.cpp in Sources */ = {isa = PBXBuildFile; fileRef = 7DEBAE5A13926A3D001DD852 /* trackball.cpp */; };
		7DEBAE7213926A79001DD852 /* dot.raw in Resources */ = {isa = PBXBuildFile; fileRef = 7DEBAE4C139269FB001DD852 /* dot.raw */; };
		7DEBAE7313926A79001DD852 /* dotbump.raw in Resources */ = {isa = PBXBuildFile; fileRef = 7DEBAE4D13926A11001DD852 /* dotbump.raw */; };
/* End PBXBuildFile section */

/* Begin PBXFileReference section */
		7D1E90EE1123E36C005E6C75 /* glsl8.app */ = {isa = PBXFileReference; explicitFileType = wrapper.application; includeInIndex = 0; path = glsl8.app; sourceTree = BUILT_PRODUCTS_DIR; };
		7D1E90F11123E36C005E6C75 /* Info.plist */ = {isa = PBXFileReference; lastKnownFileType = text.plist.xml; path = Info.plist; sourceTree = "<group>"; };
		7D7AF85E1222C8CC003A0434 /* opengl.icns */ = {isa = PBXFileReference; lastKnownFileType = image.icns; path = opengl.icns; sourceTree = "<group>"; };
		7DEBAE41139269DD001DD852 /* bump.frag */ = {isa = PBXFileReference; fileEncoding = 8; lastKnownFileType = sourcecode.glsl; path = bump.frag; sourceTree = "<group>"; };
		7DEBAE42139269DD001DD852 /* bump.vert */ = {isa = PBXFileReference; fileEncoding = 8; lastKnownFileType = sourcecode.glsl; path = bump.vert; sourceTree = "<group>"; };
		7DEBAE4C139269FB001DD852 /* dot.raw */ = {isa = PBXFileReference; fileEncoding = 8; lastKnownFileType = text; path = dot.raw; sourceTree = "<group>"; };
		7DEBAE4D13926A11001DD852 /* dotbump.raw */ = {isa = PBXFileReference; fileEncoding = 8; lastKnownFileType = text; path = dotbump.raw; sourceTree = "<group>"; };
		7DEBAE4E13926A1D001DD852 /* glsl.cpp */ = {isa = PBXFileReference; fileEncoding = 8; lastKnownFileType = sourcecode.cpp.cpp; path = glsl.cpp; sourceTree = "<group>"; };
		7DEBAE4F13926A1D001DD852 /* glsl.h */ = {isa = PBXFileReference; fileEncoding = 8; lastKnownFileType = sourcecode.c.h; path = glsl.h; sourceTree = "<group>"; };
		7DEBAE5113926A27001DD852 /* main.cpp */ = {isa = PBXFileReference; fileEncoding = 8; lastKnownFileType = sourcecode.cpp.cpp; path = main.cpp; sourceTree = "<group>"; };
		7DEBAE5313926A32001DD852 /* normalmap.cpp */ = {isa = PBXFileReference; fileEncoding = 8; lastKnownFileType = sourcecode.cpp.cpp; path = normalmap.cpp; sourceTree = "<group>"; };
		7DEBAE5413926A32001DD852 /* normalmap.h */ = {isa = PBXFileReference; fileEncoding = 8; lastKnownFileType = sourcecode.c.h; path = normalmap.h; sourceTree = "<group>"; };
		7DEBAE5613926A3D001DD852 /* rectangle.cpp */ = {isa = PBXFileReference; fileEncoding = 8; lastKnownFileType = sourcecode.cpp.cpp; path = rectangle.cpp; sourceTree = "<group>"; };
		7DEBAE5713926A3D001DD852 /* rectangle.h */ = {isa = PBXFileReference; fileEncoding = 8; lastKnownFileType = sourcecode.c.h; path = rectangle.h; sourceTree = "<group>"; };
		7DEBAE5813926A3D001DD852 /* sphere.cpp */ = {isa = PBXFileReference; fileEncoding = 8; lastKnownFileType = sourcecode.cpp.cpp; path = sphere.cpp; sourceTree = "<group>"; };
		7DEBAE5913926A3D001DD852 /* sphere.h */ = {isa = PBXFileReference; fileEncoding = 8; lastKnownFileType = sourcecode.c.h; path = sphere.h; sourceTree = "<group>"; };
		7DEBAE5A13926A3D001DD852 /* trackball.cpp */ = {isa = PBXFileReference; fileEncoding = 8; lastKnownFileType = sourcecode.cpp.cpp; path = trackball.cpp; sourceTree = "<group>"; };
		7DEBAE5B13926A3D001DD852 /* trackball.h */ = {isa = PBXFileReference; fileEncoding = 8; lastKnownFileType = sourcecode.c.h; path = trackball.h; sourceTree = "<group>"; };
/* End PBXFileReference section */

/* Begin PBXFrameworksBuildPhase section */
		7D1E90EC1123E36C005E6C75 /* Frameworks */ = {
			isa = PBXFrameworksBuildPhase;
			buildActionMask = 2147483647;
			files = (
			);
			runOnlyForDeploymentPostprocessing = 0;
		};
/* End PBXFrameworksBuildPhase section */

/* Begin PBXGroup section */
		7D1E90D81123E2F7005E6C75 = {
			isa = PBXGroup;
			children = (
				7DEBAE5113926A27001DD852 /* main.cpp */,
				7DEBAE4F13926A1D001DD852 /* glsl.h */,
				7DEBAE4E13926A1D001DD852 /* glsl.cpp */,
				7DEBAE5413926A32001DD852 /* normalmap.h */,
				7DEBAE5313926A32001DD852 /* normalmap.cpp */,
				7DEBAE5713926A3D001DD852 /* rectangle.h */,
				7DEBAE5613926A3D001DD852 /* rectangle.cpp */,
				7DEBAE5913926A3D001DD852 /* sphere.h */,
				7DEBAE5813926A3D001DD852 /* sphere.cpp */,
				7DEBAE5B13926A3D001DD852 /* trackball.h */,
				7DEBAE5A13926A3D001DD852 /* trackball.cpp */,
				7DEBAE41139269DD001DD852 /* bump.frag */,
				7DEBAE42139269DD001DD852 /* bump.vert */,
				7DEBAE4C139269FB001DD852 /* dot.raw */,
				7DEBAE4D13926A11001DD852 /* dotbump.raw */,
				7D1E90EF1123E36C005E6C75 /* Products */,
				7D1E90F11123E36C005E6C75 /* Info.plist */,
				7D7AF85E1222C8CC003A0434 /* opengl.icns */,
			);
			sourceTree = "<group>";
		};
		7D1E90EF1123E36C005E6C75 /* Products */ = {
			isa = PBXGroup;
			children = (
				7D1E90EE1123E36C005E6C75 /* glsl8.app */,
			);
			name = Products;
			sourceTree = "<group>";
		};
/* End PBXGroup section */

/* Begin PBXNativeTarget section */
		7D1E90ED1123E36C005E6C75 /* glsl8 */ = {
			isa = PBXNativeTarget;
			buildConfigurationList = 7D1E90F41123E36D005E6C75 /* Build configuration list for PBXNativeTarget "glsl8" */;
			buildPhases = (
				7D1E90EA1123E36C005E6C75 /* Resources */,
				7D1E90EB1123E36C005E6C75 /* Sources */,
				7D1E90EC1123E36C005E6C75 /* Frameworks */,
			);
			buildRules = (
			);
			dependencies = (
			);
			name = glsl8;
			productName = glsl8;
			productReference = 7D1E90EE1123E36C005E6C75 /* glsl8.app */;
			productType = "com.apple.product-type.application";
		};
/* End PBXNativeTarget section */

/* Begin PBXProject section */
		7D1E90DA1123E2F7005E6C75 /* Project object */ = {
			isa = PBXProject;
			buildConfigurationList = 7D1E90DD1123E2F7005E6C75 /* Build configuration list for PBXProject "glsl8" */;
			compatibilityVersion = "Xcode 2.4";
			developmentRegion = English;
			hasScannedForEncodings = 0;
			knownRegions = (
				English,
				Japanese,
				French,
				German,
			);
			mainGroup = 7D1E90D81123E2F7005E6C75;
			productRefGroup = 7D1E90EF1123E36C005E6C75 /* Products */;
			projectDirPath = "";
			projectRoot = "";
			targets = (
				7D1E90ED1123E36C005E6C75 /* glsl8 */,
			);
		};
/* End PBXProject section */

/* Begin PBXResourcesBuildPhase section */
		7D1E90EA1123E36C005E6C75 /* Resources */ = {
			isa = PBXResourcesBuildPhase;
			buildActionMask = 2147483647;
			files = (
				7DEBAE43139269E4001DD852 /* bump.frag in Resources */,
				7DEBAE44139269E4001DD852 /* bump.vert in Resources */,
				7DEBAE7213926A79001DD852 /* dot.raw in Resources */,
				7DEBAE7313926A79001DD852 /* dotbump.raw in Resources */,
				7D7AF85F1222C8CC003A0434 /* opengl.icns in Resources */,
			);
			runOnlyForDeploymentPostprocessing = 0;
		};
/* End PBXResourcesBuildPhase section */

/* Begin PBXSourcesBuildPhase section */
		7D1E90EB1123E36C005E6C75 /* Sources */ = {
			isa = PBXSourcesBuildPhase;
			buildActionMask = 2147483647;
			files = (
				7DEBAE5013926A1D001DD852 /* glsl.cpp in Sources */,
				7DEBAE5213926A27001DD852 /* main.cpp in Sources */,
				7DEBAE5513926A32001DD852 /* normalmap.cpp in Sources */,
				7DEBAE5C13926A3D001DD852 /* rectangle.cpp in Sources */,
				7DEBAE5D13926A3D001DD852 /* sphere.cpp in Sources */,
				7DEBAE5E13926A3D001DD852 /* trackball.cpp in Sources */,
			);
			runOnlyForDeploymentPostprocessing = 0;
		};
/* End PBXSourcesBuildPhase section */

/* Begin XCBuildConfiguration section */
		7D1E90DB1123E2F7005E6C75 /* Debug */ = {
			isa = XCBuildConfiguration;
			buildSettings = {
				COPY_PHASE_STRIP = NO;
			};
			name = Debug;
		};
		7D1E90DC1123E2F7005E6C75 /* Release */ = {
			isa = XCBuildConfiguration;
			buildSettings = {
				COPY_PHASE_STRIP = YES;
			};
			name = Release;
		};
		7D1E90F21123E36D005E6C75 /* Debug */ = {
			isa = XCBuildConfiguration;
			buildSettings = {
				ALWAYS_SEARCH_USER_PATHS = NO;
				COPY_PHASE_STRIP = NO;
				GCC_DYNAMIC_NO_PIC = NO;
				GCC_ENABLE_FIX_AND_CONTINUE = YES;
				GCC_MODEL_TUNING = G5;
				GCC_OPTIMIZATION_LEVEL = 0;
				GCC_PRECOMPILE_PREFIX_HEADER = YES;
				GCC_PREFIX_HEADER = "";
				INFOPLIST_FILE = Info.plist;
				INSTALL_PATH = "$(HOME)/Applications";
				OTHER_LDFLAGS = (
					"-framework",
					GLUT,
					"-framework",
					OpenGL,
				);
				PREBINDING = NO;
				PRODUCT_NAME = glsl8;
			};
			name = Debug;
		};
		7D1E90F31123E36D005E6C75 /* Release */ = {
			isa = XCBuildConfiguration;
			buildSettings = {
				ALWAYS_SEARCH_USER_PATHS = NO;
				COPY_PHASE_STRIP = YES;
				DEBUG_INFORMATION_FORMAT = "dwarf-with-dsym";
				GCC_ENABLE_FIX_AND_CONTINUE = NO;
				GCC_MODEL_TUNING = G5;
				GCC_PRECOMPILE_PREFIX_HEADER = YES;
				GCC_PREFIX_HEADER = "";
				INFOPLIST_FILE = Info.plist;
				INSTALL_PATH = "$(HOME)/Applications";
				OTHER_LDFLAGS = (
					"-framework",
					GLUT,
					"-framework",
					OpenGL,
				);
				PREBINDING = NO;
				PRODUCT_NAME = glsl8;
				ZERO_LINK = NO;
			};
			name = Release;
		};
/* End XCBuildConfiguration section */

/* Begin XCConfigurationList section */
		7D1E90DD1123E2F7005E6C75 /* Build configuration list for PBXProject "glsl8" */ = {
			isa = XCConfigurationList;
			buildConfigurations = (
				7D1E90DB1123E2F7005E6C75 /* Debug */,
				7D1E90DC1123E2F7005E6C75 /* Release */,
			);
			defaultConfigurationIsVisible = 0;
			defaultConfigurationName = Release;
		};
		7D1E90F41123E36D005E6C75 /* Build configuration list for PBXNativeTarget "glsl8" */ = {
			isa = XCConfigurationList;
			buildConfigurations = (
				7D1E90F21123E36D005E6C75 /* Debug */,
				7D1E90F31123E36D005E6C75 /* Release */,
			);
			defaultConfigurationIsVisible = 0;
			defaultConfigurationName = Release;
		};
/* End XCConfigurationList section */
	};
	rootObject = 7D1E90DA1123E2F7005E6C75 /* Project object */;
}
